
Microsoft Visual Studio Solution File, Format Version 12.00
# Visual Studio Version 17
VisualStudioVersion = 17.14.35906.104
MinimumVisualStudioVersion = 10.0.40219.1
Project("{FAE04EC0-301F-11D3-BF4B-00C04F79EFBC}") = "Code Editor", "Code Editor\Code Editor.csproj", "{ECCF692B-86D2-464D-B726-A10A50DF9037}"
EndProject
Project("{FAE04EC0-301F-11D3-BF4B-00C04F79EFBC}") = "PlugIn_Light", "PlugIn_Light\PlugIn_Light.csproj", "{C511EAE8-DDBD-4883-846C-B6C7A80A329E}"
EndProject
Project("{FAE04EC0-301F-11D3-BF4B-00C04F79EFBC}") = "PlugIn_Dark", "PlugIn_Dark\PlugIn_Dark.csproj", "{295A35AF-45FA-4F6A-B688-56070EF01AE6}"
EndProject
Project("{C7167F0D-BC9F-4E6E-AFE1-012C56B48DB5}") = "CodeEditor.Installer", "CodeEditor.Installer\CodeEditor.Installer.wapproj", "{68302C76-339D-488A-8D68-BACA94B35199}"
EndProject
Global
	GlobalSection(SolutionConfigurationPlatforms) = preSolution
		Debug|Any CPU = Debug|Any CPU
		Debug|ARM = Debug|ARM
		Debug|ARM64 = Debug|ARM64
		Debug|x64 = Debug|x64
		Debug|x86 = Debug|x86
		Release|Any CPU = Release|Any CPU
		Release|ARM = Release|ARM
		Release|ARM64 = Release|ARM64
		Release|x64 = Release|x64
		Release|x86 = Release|x86
	EndGlobalSection
	GlobalSection(ProjectConfigurationPlatforms) = postSolution
		{ECCF692B-86D2-464D-B726-A10A50DF9037}.Debug|Any CPU.ActiveCfg = Debug|Any CPU
		{ECCF692B-86D2-464D-B726-A10A50DF9037}.Debug|Any CPU.Build.0 = Debug|Any CPU
		{ECCF692B-86D2-464D-B726-A10A50DF9037}.Debug|ARM.ActiveCfg = Debug|Any CPU
		{ECCF692B-86D2-464D-B726-A10A50DF9037}.Debug|ARM.Build.0 = Debug|Any CPU
		{ECCF692B-86D2-464D-B726-A10A50DF9037}.Debug|ARM64.ActiveCfg = Debug|Any CPU
		{ECCF692B-86D2-464D-B726-A10A50DF9037}.Debug|ARM64.Build.0 = Debug|Any CPU
		{ECCF692B-86D2-464D-B726-A10A50DF9037}.Debug|x64.ActiveCfg = Debug|Any CPU
		{ECCF692B-86D2-464D-B726-A10A50DF9037}.Debug|x64.Build.0 = Debug|Any CPU
		{ECCF692B-86D2-464D-B726-A10A50DF9037}.Debug|x86.ActiveCfg = Debug|Any CPU
		{ECCF692B-86D2-464D-B726-A10A50DF9037}.Debug|x86.Build.0 = Debug|Any CPU
		{ECCF692B-86D2-464D-B726-A10A50DF9037}.Release|Any CPU.ActiveCfg = Release|Any CPU
		{ECCF692B-86D2-464D-B726-A10A50DF9037}.Release|Any CPU.Build.0 = Release|Any CPU
		{ECCF692B-86D2-464D-B726-A10A50DF9037}.Release|ARM.ActiveCfg = Release|Any CPU
		{ECCF692B-86D2-464D-B726-A10A50DF9037}.Release|ARM.Build.0 = Release|Any CPU
		{ECCF692B-86D2-464D-B726-A10A50DF9037}.Release|ARM64.ActiveCfg = Release|Any CPU
		{ECCF692B-86D2-464D-B726-A10A50DF9037}.Release|ARM64.Build.0 = Release|Any CPU
		{ECCF692B-86D2-464D-B726-A10A50DF9037}.Release|x64.ActiveCfg = Release|Any CPU
		{ECCF692B-86D2-464D-B726-A10A50DF9037}.Release|x64.Build.0 = Release|Any CPU
		{ECCF692B-86D2-464D-B726-A10A50DF9037}.Release|x86.ActiveCfg = Release|Any CPU
		{ECCF692B-86D2-464D-B726-A10A50DF9037}.Release|x86.Build.0 = Release|Any CPU
		{C511EAE8-DDBD-4883-846C-B6C7A80A329E}.Debug|Any CPU.ActiveCfg = Debug|Any CPU
		{C511EAE8-DDBD-4883-846C-B6C7A80A329E}.Debug|Any CPU.Build.0 = Debug|Any CPU
		{C511EAE8-DDBD-4883-846C-B6C7A80A329E}.Debug|ARM.ActiveCfg = Debug|Any CPU
		{C511EAE8-DDBD-4883-846C-B6C7A80A329E}.Debug|ARM.Build.0 = Debug|Any CPU
		{C511EAE8-DDBD-4883-846C-B6C7A80A329E}.Debug|ARM64.ActiveCfg = Debug|Any CPU
		{C511EAE8-DDBD-4883-846C-B6C7A80A329E}.Debug|ARM64.Build.0 = Debug|Any CPU
		{C511EAE8-DDBD-4883-846C-B6C7A80A329E}.Debug|x64.ActiveCfg = Debug|Any CPU
		{C511EAE8-DDBD-4883-846C-B6C7A80A329E}.Debug|x64.Build.0 = Debug|Any CPU
		{C511EAE8-DDBD-4883-846C-B6C7A80A329E}.Debug|x86.ActiveCfg = Debug|Any CPU
		{C511EAE8-DDBD-4883-846C-B6C7A80A329E}.Debug|x86.Build.0 = Debug|Any CPU
		{C511EAE8-DDBD-4883-846C-B6C7A80A329E}.Release|Any CPU.ActiveCfg = Release|Any CPU
		{C511EAE8-DDBD-4883-846C-B6C7A80A329E}.Release|Any CPU.Build.0 = Release|Any CPU
		{C511EAE8-DDBD-4883-846C-B6C7A80A329E}.Release|ARM.ActiveCfg = Release|Any CPU
		{C511EAE8-DDBD-4883-846C-B6C7A80A329E}.Release|ARM.Build.0 = Release|Any CPU
		{C511EAE8-DDBD-4883-846C-B6C7A80A329E}.Release|ARM64.ActiveCfg = Release|Any CPU
		{C511EAE8-DDBD-4883-846C-B6C7A80A329E}.Release|ARM64.Build.0 = Release|Any CPU
		{C511EAE8-DDBD-4883-846C-B6C7A80A329E}.Release|x64.ActiveCfg = Release|Any CPU
		{C511EAE8-DDBD-4883-846C-B6C7A80A329E}.Release|x64.Build.0 = Release|Any CPU
		{C511EAE8-DDBD-4883-846C-B6C7A80A329E}.Release|x86.ActiveCfg = Release|Any CPU
		{C511EAE8-DDBD-4883-846C-B6C7A80A329E}.Release|x86.Build.0 = Release|Any CPU
		{295A35AF-45FA-4F6A-B688-56070EF01AE6}.Debug|Any CPU.ActiveCfg = Debug|Any CPU
		{295A35AF-45FA-4F6A-B688-56070EF01AE6}.Debug|Any CPU.Build.0 = Debug|Any CPU
		{295A35AF-45FA-4F6A-B688-56070EF01AE6}.Debug|ARM.ActiveCfg = Debug|Any CPU
		{295A35AF-45FA-4F6A-B688-56070EF01AE6}.Debug|ARM.Build.0 = Debug|Any CPU
		{295A35AF-45FA-4F6A-B688-56070EF01AE6}.Debug|ARM64.ActiveCfg = Debug|Any CPU
		{295A35AF-45FA-4F6A-B688-56070EF01AE6}.Debug|ARM64.Build.0 = Debug|Any CPU
		{295A35AF-45FA-4F6A-B688-56070EF01AE6}.Debug|x64.ActiveCfg = Debug|Any CPU
		{295A35AF-45FA-4F6A-B688-56070EF01AE6}.Debug|x64.Build.0 = Debug|Any CPU
		{295A35AF-45FA-4F6A-B688-56070EF01AE6}.Debug|x86.ActiveCfg = Debug|Any CPU
		{295A35AF-45FA-4F6A-B688-56070EF01AE6}.Debug|x86.Build.0 = Debug|Any CPU
		{295A35AF-45FA-4F6A-B688-56070EF01AE6}.Release|Any CPU.ActiveCfg = Release|Any CPU
		{295A35AF-45FA-4F6A-B688-56070EF01AE6}.Release|Any CPU.Build.0 = Release|Any CPU
		{295A35AF-45FA-4F6A-B688-56070EF01AE6}.Release|ARM.ActiveCfg = Release|Any CPU
		{295A35AF-45FA-4F6A-B688-56070EF01AE6}.Release|ARM.Build.0 = Release|Any CPU
		{295A35AF-45FA-4F6A-B688-56070EF01AE6}.Release|ARM64.ActiveCfg = Release|Any CPU
		{295A35AF-45FA-4F6A-B688-56070EF01AE6}.Release|ARM64.Build.0 = Release|Any CPU
		{295A35AF-45FA-4F6A-B688-56070EF01AE6}.Release|x64.ActiveCfg = Release|Any CPU
		{295A35AF-45FA-4F6A-B688-56070EF01AE6}.Release|x64.Build.0 = Release|Any CPU
		{295A35AF-45FA-4F6A-B688-56070EF01AE6}.Release|x86.ActiveCfg = Release|Any CPU
		{295A35AF-45FA-4F6A-B688-56070EF01AE6}.Release|x86.Build.0 = Release|Any CPU
		{68302C76-339D-488A-8D68-BACA94B35199}.Debug|Any CPU.ActiveCfg = Debug|Any CPU
		{68302C76-339D-488A-8D68-BACA94B35199}.Debug|Any CPU.Build.0 = Debug|Any CPU
		{68302C76-339D-488A-8D68-BACA94B35199}.Debug|Any CPU.Deploy.0 = Debug|Any CPU
		{68302C76-339D-488A-8D68-BACA94B35199}.Debug|ARM.ActiveCfg = Debug|ARM
		{68302C76-339D-488A-8D68-BACA94B35199}.Debug|ARM.Build.0 = Debug|ARM
		{68302C76-339D-488A-8D68-BACA94B35199}.Debug|ARM.Deploy.0 = Debug|ARM
		{68302C76-339D-488A-8D68-BACA94B35199}.Debug|ARM64.ActiveCfg = Debug|ARM64
		{68302C76-339D-488A-8D68-BACA94B35199}.Debug|ARM64.Build.0 = Debug|ARM64
		{68302C76-339D-488A-8D68-BACA94B35199}.Debug|ARM64.Deploy.0 = Debug|ARM64
		{68302C76-339D-488A-8D68-BACA94B35199}.Debug|x64.ActiveCfg = Debug|x64
		{68302C76-339D-488A-8D68-BACA94B35199}.Debug|x64.Build.0 = Debug|x64
		{68302C76-339D-488A-8D68-BACA94B35199}.Debug|x64.Deploy.0 = Debug|x64
		{68302C76-339D-488A-8D68-BACA94B35199}.Debug|x86.ActiveCfg = Debug|x86
		{68302C76-339D-488A-8D68-BACA94B35199}.Debug|x86.Build.0 = Debug|x86
		{68302C76-339D-488A-8D68-BACA94B35199}.Debug|x86.Deploy.0 = Debug|x86
		{68302C76-339D-488A-8D68-BACA94B35199}.Release|Any CPU.ActiveCfg = Release|Any CPU
		{68302C76-339D-488A-8D68-BACA94B35199}.Release|Any CPU.Build.0 = Release|Any CPU
		{68302C76-339D-488A-8D68-BACA94B35199}.Release|Any CPU.Deploy.0 = Release|Any CPU
		{68302C76-339D-488A-8D68-BACA94B35199}.Release|ARM.ActiveCfg = Release|ARM
		{68302C76-339D-488A-8D68-BACA94B35199}.Release|ARM.Build.0 = Release|ARM
		{68302C76-339D-488A-8D68-BACA94B35199}.Release|ARM.Deploy.0 = Release|ARM
		{68302C76-339D-488A-8D68-BACA94B35199}.Release|ARM64.ActiveCfg = Release|ARM64
		{68302C76-339D-488A-8D68-BACA94B35199}.Release|ARM64.Build.0 = Release|ARM64
		{68302C76-339D-488A-8D68-BACA94B35199}.Release|ARM64.Deploy.0 = Release|ARM64
		{68302C76-339D-488A-8D68-BACA94B35199}.Release|x64.ActiveCfg = Release|x64
		{68302C76-339D-488A-8D68-BACA94B35199}.Release|x64.Build.0 = Release|x64
		{68302C76-339D-488A-8D68-BACA94B35199}.Release|x64.Deploy.0 = Release|x64
		{68302C76-339D-488A-8D68-BACA94B35199}.Release|x86.ActiveCfg = Release|x86
		{68302C76-339D-488A-8D68-BACA94B35199}.Release|x86.Build.0 = Release|x86
		{68302C76-339D-488A-8D68-BACA94B35199}.Release|x86.Deploy.0 = Release|x86
	EndGlobalSection
	GlobalSection(SolutionProperties) = preSolution
		HideSolutionNode = FALSE
	EndGlobalSection
	GlobalSection(ExtensibilityGlobals) = postSolution
		SolutionGuid = {8DF635E2-4F1D-4AC8-AABD-29A2B624ACDF}
	EndGlobalSection
EndGlobal
